
Microsoft Visual Studio Solution File, Format Version 12.00
# Visual Studio Version 16
VisualStudioVersion = 16.0.29102.190
MinimumVisualStudioVersion = 10.0.40219.1
Project("{FAE04EC0-301F-11D3-BF4B-00C04F79EFBC}") = "FirstProject", "FirstProject\FirstProject.csproj", "{3DDFC91B-AC0D-4894-A463-403CDD59FA08}"
EndProject
Global
	GlobalSection(SolutionConfigurationPlatforms) = preSolution
		Debug|Any CPU = Debug|Any CPU
		Release|Any CPU = Release|Any CPU
	EndGlobalSection
	GlobalSection(ProjectConfigurationPlatforms) = postSolution
		{3DDFC91B-AC0D-4894-A463-403CDD59FA08}.Debug|Any CPU.ActiveCfg = Debug|Any CPU
		{3DDFC91B-AC0D-4894-A463-403CDD59FA08}.Debug|Any CPU.Build.0 = Debug|Any CPU
		{3DDFC91B-AC0D-4894-A463-403CDD59FA08}.Release|Any CPU.ActiveCfg = Release|Any CPU
		{3DDFC91B-AC0D-4894-A463-403CDD59FA08}.Release|Any CPU.Build.0 = Release|Any CPU
	EndGlobalSection
	GlobalSection(SolutionProperties) = preSolution
		HideSolutionNode = FALSE
	EndGlobalSection
	GlobalSection(ExtensibilityGlobals) = postSolution
		SolutionGuid = {F7C9B050-847D-457E-BB2F-B2D2EC5B36D0}
	EndGlobalSection
EndGlobal
